
Microsoft Visual Studio Solution File, Format Version 12.00
# Visual Studio Version 16
VisualStudioVersion = 16.0.30503.244
MinimumVisualStudioVersion = 10.0.40219.1
Project("{FAE04EC0-301F-11D3-BF4B-00C04F79EFBC}") = "Questao17", "Questao17\Questao17.csproj", "{DD0DDBAC-6288-4CF4-A78E-62E357C9691E}"
EndProject
Global
	GlobalSection(SolutionConfigurationPlatforms) = preSolution
		Debug|Any CPU = Debug|Any CPU
		Release|Any CPU = Release|Any CPU
	EndGlobalSection
	GlobalSection(ProjectConfigurationPlatforms) = postSolution
		{DD0DDBAC-6288-4CF4-A78E-62E357C9691E}.Debug|Any CPU.ActiveCfg = Debug|Any CPU
		{DD0DDBAC-6288-4CF4-A78E-62E357C9691E}.Debug|Any CPU.Build.0 = Debug|Any CPU
		{DD0DDBAC-6288-4CF4-A78E-62E357C9691E}.Release|Any CPU.ActiveCfg = Release|Any CPU
		{DD0DDBAC-6288-4CF4-A78E-62E357C9691E}.Release|Any CPU.Build.0 = Release|Any CPU
	EndGlobalSection
	GlobalSection(SolutionProperties) = preSolution
		HideSolutionNode = FALSE
	EndGlobalSection
	GlobalSection(ExtensibilityGlobals) = postSolution
		SolutionGuid = {5E251F87-8353-4F65-AF5B-8F1577C1A728}
	EndGlobalSection
EndGlobal
